// !$*UTF8*$!
{
	archiveVersion = 1;
	classes = {
	};
	objectVersion = 50;
	objects = {

/* Begin PBXBuildFile section */
		C31D26D322E8AA2B00A50386 /* Shape.swift in Sources */ = {isa = PBXBuildFile; fileRef = C31D26D222E8AA2B00A50386 /* Shape.swift */; };
		C34D31DE22E9E5F800E22BC6 /* RankEnum.swift in Sources */ = {isa = PBXBuildFile; fileRef = C34D31DD22E9E5F800E22BC6 /* RankEnum.swift */; };
		C34D31E022E9E79100E22BC6 /* CardStruct.swift in Sources */ = {isa = PBXBuildFile; fileRef = C34D31DF22E9E79100E22BC6 /* CardStruct.swift */; };
		C34D31E222E9EA6C00E22BC6 /* ExampleProtocol.swift in Sources */ = {isa = PBXBuildFile; fileRef = C34D31E122E9EA6C00E22BC6 /* ExampleProtocol.swift */; };
		C34D31E422E9EB0700E22BC6 /* SimpleClass.swift in Sources */ = {isa = PBXBuildFile; fileRef = C34D31E322E9EB0700E22BC6 /* SimpleClass.swift */; };
		C34D31E622E9EB5700E22BC6 /* SimpleStructure.swift in Sources */ = {isa = PBXBuildFile; fileRef = C34D31E522E9EB5700E22BC6 /* SimpleStructure.swift */; };
		C34D31EA22E9EBF000E22BC6 /* IntExtension.swift in Sources */ = {isa = PBXBuildFile; fileRef = C34D31E922E9EBF000E22BC6 /* IntExtension.swift */; };
		C34E4F5C22BDD1FB009744C1 /* BasicString.swift in Sources */ = {isa = PBXBuildFile; fileRef = C34E4F5B22BDD1FB009744C1 /* BasicString.swift */; };
		C34E4F5E22BDD2D3009744C1 /* BasicCollection.swift in Sources */ = {isa = PBXBuildFile; fileRef = C34E4F5D22BDD2D3009744C1 /* BasicCollection.swift */; };
		C351192A22BFB4580023C35F /* BasicControlFlow.swift in Sources */ = {isa = PBXBuildFile; fileRef = C351192922BFB4580023C35F /* BasicControlFlow.swift */; };
		C351192C22BFB9EC0023C35F /* BasicCheckAPICanUsable.swift in Sources */ = {isa = PBXBuildFile; fileRef = C351192B22BFB9EC0023C35F /* BasicCheckAPICanUsable.swift */; };
		C351192E22BFBCC00023C35F /* BasicFunction.swift in Sources */ = {isa = PBXBuildFile; fileRef = C351192D22BFBCC00023C35F /* BasicFunction.swift */; };
		C351193022BFC55A0023C35F /* BasicEnum.swift in Sources */ = {isa = PBXBuildFile; fileRef = C351192F22BFC55A0023C35F /* BasicEnum.swift */; };
		C35159792309333D00848456 /* NotificationUtil.swift in Sources */ = {isa = PBXBuildFile; fileRef = C35159782309333D00848456 /* NotificationUtil.swift */; };
		C351597E230936B000848456 /* UserDefaultsUtil.swift in Sources */ = {isa = PBXBuildFile; fileRef = C351597D230936B000848456 /* UserDefaultsUtil.swift */; };
		C351598223093E0300848456 /* AlertViewUtil.swift in Sources */ = {isa = PBXBuildFile; fileRef = C351598123093E0300848456 /* AlertViewUtil.swift */; };
		C35159852309414400848456 /* LoginConstants.swift in Sources */ = {isa = PBXBuildFile; fileRef = C35159842309414400848456 /* LoginConstants.swift */; };
		C35230E522EF24AA00342A44 /* Rect.swift in Sources */ = {isa = PBXBuildFile; fileRef = C35230E422EF24AA00342A44 /* Rect.swift */; };
		C35230E822EF27E000342A44 /* Customer.swift in Sources */ = {isa = PBXBuildFile; fileRef = C35230E722EF27E000342A44 /* Customer.swift */; };
		C35230EA22EF281B00342A44 /* Employee.swift in Sources */ = {isa = PBXBuildFile; fileRef = C35230E922EF281B00342A44 /* Employee.swift */; };
		C35230EC22EF288000342A44 /* Company.swift in Sources */ = {isa = PBXBuildFile; fileRef = C35230EB22EF288000342A44 /* Company.swift */; };
		C35230EF22EF31B100342A44 /* Fruit.swift in Sources */ = {isa = PBXBuildFile; fileRef = C35230EE22EF31B100342A44 /* Fruit.swift */; };
		C35230F122EF31DE00342A44 /* Apple.swift in Sources */ = {isa = PBXBuildFile; fileRef = C35230F022EF31DE00342A44 /* Apple.swift */; };
		C35230F522EF33CD00342A44 /* Car.swift in Sources */ = {isa = PBXBuildFile; fileRef = C35230F422EF33CD00342A44 /* Car.swift */; };
		C35230F722EF33DA00342A44 /* FlyCar.swift in Sources */ = {isa = PBXBuildFile; fileRef = C35230F622EF33DA00342A44 /* FlyCar.swift */; };
		C35791162307EFD500BDB17E /* icon_back.png in Resources */ = {isa = PBXBuildFile; fileRef = C35791152307EFD500BDB17E /* icon_back.png */; };
		C35791192307F05D00BDB17E /* NavigationUtil.swift in Sources */ = {isa = PBXBuildFile; fileRef = C35791182307F05D00BDB17E /* NavigationUtil.swift */; };
		C357911C2307F28D00BDB17E /* ViewControllerUtil.swift in Sources */ = {isa = PBXBuildFile; fileRef = C357911B2307F28D00BDB17E /* ViewControllerUtil.swift */; };
		C357911F2308323000BDB17E /* ThreadUtil.swift in Sources */ = {isa = PBXBuildFile; fileRef = C357911E2308323000BDB17E /* ThreadUtil.swift */; };
		C35791212308358F00BDB17E /* AlertWaitingViewHolder.xib in Resources */ = {isa = PBXBuildFile; fileRef = C35791202308358F00BDB17E /* AlertWaitingViewHolder.xib */; };
		C35791232308359800BDB17E /* AlertWaitingViewHolder.swift in Sources */ = {isa = PBXBuildFile; fileRef = C35791222308359800BDB17E /* AlertWaitingViewHolder.swift */; };
		C35791282308453200BDB17E /* NotificationConstants.swift in Sources */ = {isa = PBXBuildFile; fileRef = C35791272308453200BDB17E /* NotificationConstants.swift */; };
		C358DDA823019926007F10C6 /* NavigationBarViewHolder.xib in Resources */ = {isa = PBXBuildFile; fileRef = C358DDA723019926007F10C6 /* NavigationBarViewHolder.xib */; };
		C358DDAA23019A2B007F10C6 /* NavigationBarViewHolder.swift in Sources */ = {isa = PBXBuildFile; fileRef = C358DDA923019A2B007F10C6 /* NavigationBarViewHolder.swift */; };
		C358DDAF2301A754007F10C6 /* icon_close.png in Resources */ = {isa = PBXBuildFile; fileRef = C358DDAE2301A754007F10C6 /* icon_close.png */; };
		C35EDDDE230EE214000E34C3 /* TemplateTestViewController.swift in Sources */ = {isa = PBXBuildFile; fileRef = C35EDDDC230EE214000E34C3 /* TemplateTestViewController.swift */; };
		C35EDDDF230EE214000E34C3 /* TemplateTestViewController.xib in Resources */ = {isa = PBXBuildFile; fileRef = C35EDDDD230EE214000E34C3 /* TemplateTestViewController.xib */; };
		C35FF033230C2BEF009D19A0 /* ProfileViewController.swift in Sources */ = {isa = PBXBuildFile; fileRef = C35FF031230C2BEF009D19A0 /* ProfileViewController.swift */; };
		C35FF034230C2BEF009D19A0 /* ProfileViewController.xib in Resources */ = {isa = PBXBuildFile; fileRef = C35FF032230C2BEF009D19A0 /* ProfileViewController.xib */; };
		C37112C122BD036900E92DA8 /* AppDelegate.swift in Sources */ = {isa = PBXBuildFile; fileRef = C37112C022BD036900E92DA8 /* AppDelegate.swift */; };
		C37112C822BD036A00E92DA8 /* Assets.xcassets in Resources */ = {isa = PBXBuildFile; fileRef = C37112C722BD036A00E92DA8 /* Assets.xcassets */; };
		C37112DA22BD050800E92DA8 /* MainViewController.swift in Sources */ = {isa = PBXBuildFile; fileRef = C37112D822BD050800E92DA8 /* MainViewController.swift */; };
		C37112DB22BD050800E92DA8 /* MainViewController.xib in Resources */ = {isa = PBXBuildFile; fileRef = C37112D922BD050800E92DA8 /* MainViewController.xib */; };
		C37112DD22BD0D8100E92DA8 /* Launch Screen.storyboard in Resources */ = {isa = PBXBuildFile; fileRef = C37112DC22BD0D8100E92DA8 /* Launch Screen.storyboard */; };
		C37112E122BD0FBB00E92DA8 /* BasicGrammar.swift in Sources */ = {isa = PBXBuildFile; fileRef = C37112E022BD0FBB00E92DA8 /* BasicGrammar.swift */; };
		C37112E322BD10C000E92DA8 /* BasicConsoleTest.swift in Sources */ = {isa = PBXBuildFile; fileRef = C37112E222BD10C000E92DA8 /* BasicConsoleTest.swift */; };
		C3845A4F22EDDA1200FAC52B /* Person.swift in Sources */ = {isa = PBXBuildFile; fileRef = C3845A4E22EDDA1200FAC52B /* Person.swift */; };
		C3845A5322EDDA6F00FAC52B /* Dog.swift in Sources */ = {isa = PBXBuildFile; fileRef = C3845A5222EDDA6F00FAC52B /* Dog.swift */; };
		C3845A5522EDDAC700FAC52B /* ClassAndStruct.swift in Sources */ = {isa = PBXBuildFile; fileRef = C3845A5422EDDAC700FAC52B /* ClassAndStruct.swift */; };
		C3845A5722EDDE9300FAC52B /* Wolf.swift in Sources */ = {isa = PBXBuildFile; fileRef = C3845A5622EDDE9300FAC52B /* Wolf.swift */; };
		C3845A5922EDE25900FAC52B /* User.swift in Sources */ = {isa = PBXBuildFile; fileRef = C3845A5822EDE25900FAC52B /* User.swift */; };
		C388903E22F5AF05007C444F /* LoginViewController.swift in Sources */ = {isa = PBXBuildFile; fileRef = C388903C22F5AF05007C444F /* LoginViewController.swift */; };
		C388903F22F5AF05007C444F /* LoginViewController.xib in Resources */ = {isa = PBXBuildFile; fileRef = C388903D22F5AF05007C444F /* LoginViewController.xib */; };
		C388904322F5AF28007C444F /* LoginController.swift in Sources */ = {isa = PBXBuildFile; fileRef = C388904222F5AF28007C444F /* LoginController.swift */; };
		C388904522F5AF3B007C444F /* LoginInfoModel.swift in Sources */ = {isa = PBXBuildFile; fileRef = C388904422F5AF3B007C444F /* LoginInfoModel.swift */; };
		C388904E22F5B57E007C444F /* ILog.swift in Sources */ = {isa = PBXBuildFile; fileRef = C388904D22F5B57E007C444F /* ILog.swift */; };
		C38B664622F721A6004EE452 /* LoginHomeViewController.swift in Sources */ = {isa = PBXBuildFile; fileRef = C38B664422F721A6004EE452 /* LoginHomeViewController.swift */; };
		C38B664722F721A6004EE452 /* LoginHomeViewController.xib in Resources */ = {isa = PBXBuildFile; fileRef = C38B664522F721A6004EE452 /* LoginHomeViewController.xib */; };
		C39AD8B423129A1F0072FAB5 /* StorageUtil.swift in Sources */ = {isa = PBXBuildFile; fileRef = C39AD8B323129A1F0072FAB5 /* StorageUtil.swift */; };
		C39AD8B92312AF8A0072FAB5 /* CameraViewController.swift in Sources */ = {isa = PBXBuildFile; fileRef = C39AD8B72312AF8A0072FAB5 /* CameraViewController.swift */; };
		C39AD8BA2312AF8A0072FAB5 /* CameraViewController.xib in Resources */ = {isa = PBXBuildFile; fileRef = C39AD8B82312AF8A0072FAB5 /* CameraViewController.xib */; };
		C3DD6AF5230D84C100BDDF5D /* icon_client_selected@3x.png in Resources */ = {isa = PBXBuildFile; fileRef = C3DD6AED230D84C100BDDF5D /* icon_client_selected@3x.png */; };
		C3DD6AF6230D84C100BDDF5D /* icon_order_selected@3x.png in Resources */ = {isa = PBXBuildFile; fileRef = C3DD6AEE230D84C100BDDF5D /* icon_order_selected@3x.png */; };
		C3DD6AF7230D84C100BDDF5D /* icon_dashboard_selected@3x.png in Resources */ = {isa = PBXBuildFile; fileRef = C3DD6AEF230D84C100BDDF5D /* icon_dashboard_selected@3x.png */; };
		C3DD6AF8230D84C100BDDF5D /* icon_order_un_selected@3x.png in Resources */ = {isa = PBXBuildFile; fileRef = C3DD6AF0230D84C100BDDF5D /* icon_order_un_selected@3x.png */; };
		C3DD6AF9230D84C100BDDF5D /* icon_client_un_selected@3x.png in Resources */ = {isa = PBXBuildFile; fileRef = C3DD6AF1230D84C100BDDF5D /* icon_client_un_selected@3x.png */; };
		C3DD6AFA230D84C100BDDF5D /* icon_dashboard_un_selected@3x.png in Resources */ = {isa = PBXBuildFile; fileRef = C3DD6AF2230D84C100BDDF5D /* icon_dashboard_un_selected@3x.png */; };
		C3DD6AFB230D84C100BDDF5D /* icon_product_selected@3x.png in Resources */ = {isa = PBXBuildFile; fileRef = C3DD6AF3230D84C100BDDF5D /* icon_product_selected@3x.png */; };
		C3DD6AFC230D84C100BDDF5D /* icon_product_un_selected@3x.png in Resources */ = {isa = PBXBuildFile; fileRef = C3DD6AF4230D84C100BDDF5D /* icon_product_un_selected@3x.png */; };
		C3DD6B05230D850100BDDF5D /* icon_dashboard_un_selected@2x.png in Resources */ = {isa = PBXBuildFile; fileRef = C3DD6AFD230D850000BDDF5D /* icon_dashboard_un_selected@2x.png */; };
		C3DD6B06230D850100BDDF5D /* icon_product_selected@2x.png in Resources */ = {isa = PBXBuildFile; fileRef = C3DD6AFE230D850000BDDF5D /* icon_product_selected@2x.png */; };
		C3DD6B07230D850100BDDF5D /* icon_dashboard_selected@2x.png in Resources */ = {isa = PBXBuildFile; fileRef = C3DD6AFF230D850000BDDF5D /* icon_dashboard_selected@2x.png */; };
		C3DD6B08230D850100BDDF5D /* icon_product_un_selected@2x.png in Resources */ = {isa = PBXBuildFile; fileRef = C3DD6B00230D850000BDDF5D /* icon_product_un_selected@2x.png */; };
		C3DD6B09230D850100BDDF5D /* icon_client_un_selected@2x.png in Resources */ = {isa = PBXBuildFile; fileRef = C3DD6B01230D850000BDDF5D /* icon_client_un_selected@2x.png */; };
		C3DD6B0A230D850100BDDF5D /* icon_order_un_selected@2x.png in Resources */ = {isa = PBXBuildFile; fileRef = C3DD6B02230D850000BDDF5D /* icon_order_un_selected@2x.png */; };
		C3DD6B0B230D850100BDDF5D /* icon_client_selected@2x.png in Resources */ = {isa = PBXBuildFile; fileRef = C3DD6B03230D850000BDDF5D /* icon_client_selected@2x.png */; };
		C3DD6B0C230D850100BDDF5D /* icon_order_selected@2x.png in Resources */ = {isa = PBXBuildFile; fileRef = C3DD6B04230D850000BDDF5D /* icon_order_selected@2x.png */; };
		C3DD6B15230D85F800BDDF5D /* icon_product_selected.png in Resources */ = {isa = PBXBuildFile; fileRef = C3DD6B0D230D85F700BDDF5D /* icon_product_selected.png */; };
		C3DD6B16230D85F800BDDF5D /* icon_client_selected.png in Resources */ = {isa = PBXBuildFile; fileRef = C3DD6B0E230D85F700BDDF5D /* icon_client_selected.png */; };
		C3DD6B17230D85F800BDDF5D /* icon_product_un_selected.png in Resources */ = {isa = PBXBuildFile; fileRef = C3DD6B0F230D85F700BDDF5D /* icon_product_un_selected.png */; };
		C3DD6B18230D85F800BDDF5D /* icon_client_un_selected.png in Resources */ = {isa = PBXBuildFile; fileRef = C3DD6B10230D85F700BDDF5D /* icon_client_un_selected.png */; };
		C3DD6B19230D85F800BDDF5D /* icon_dashboard_selected.png in Resources */ = {isa = PBXBuildFile; fileRef = C3DD6B11230D85F700BDDF5D /* icon_dashboard_selected.png */; };
		C3DD6B1A230D85F800BDDF5D /* icon_order_selectedpng.png in Resources */ = {isa = PBXBuildFile; fileRef = C3DD6B12230D85F700BDDF5D /* icon_order_selectedpng.png */; };
		C3DD6B1B230D85F800BDDF5D /* icon_order_un_selected.png in Resources */ = {isa = PBXBuildFile; fileRef = C3DD6B13230D85F800BDDF5D /* icon_order_un_selected.png */; };
		C3DD6B1C230D85F800BDDF5D /* icon_dashboard_un_selected.png in Resources */ = {isa = PBXBuildFile; fileRef = C3DD6B14230D85F800BDDF5D /* icon_dashboard_un_selected.png */; };
		C3DD6B23230D862C00BDDF5D /* DashboardViewController.swift in Sources */ = {isa = PBXBuildFile; fileRef = C3DD6B21230D862C00BDDF5D /* DashboardViewController.swift */; };
		C3DD6B24230D862C00BDDF5D /* DashboardViewController.xib in Resources */ = {isa = PBXBuildFile; fileRef = C3DD6B22230D862C00BDDF5D /* DashboardViewController.xib */; };
		C3DD6B27230D863A00BDDF5D /* ClientViewController.swift in Sources */ = {isa = PBXBuildFile; fileRef = C3DD6B25230D863A00BDDF5D /* ClientViewController.swift */; };
		C3DD6B28230D863A00BDDF5D /* ClientViewController.xib in Resources */ = {isa = PBXBuildFile; fileRef = C3DD6B26230D863A00BDDF5D /* ClientViewController.xib */; };
		C3DD6B2B230D864700BDDF5D /* ProductViewController.swift in Sources */ = {isa = PBXBuildFile; fileRef = C3DD6B29230D864700BDDF5D /* ProductViewController.swift */; };
		C3DD6B2C230D864700BDDF5D /* ProductViewController.xib in Resources */ = {isa = PBXBuildFile; fileRef = C3DD6B2A230D864700BDDF5D /* ProductViewController.xib */; };
		C3DD6B2F230D865200BDDF5D /* OrderViewController.swift in Sources */ = {isa = PBXBuildFile; fileRef = C3DD6B2D230D865200BDDF5D /* OrderViewController.swift */; };
		C3DD6B30230D865200BDDF5D /* OrderViewController.xib in Resources */ = {isa = PBXBuildFile; fileRef = C3DD6B2E230D865200BDDF5D /* OrderViewController.xib */; };
		C3DD6B33230D88BC00BDDF5D /* icon_profile_un_selected@3x.png in Resources */ = {isa = PBXBuildFile; fileRef = C3DD6B31230D88BB00BDDF5D /* icon_profile_un_selected@3x.png */; };
		C3DD6B34230D88BC00BDDF5D /* icon_profile_selected@3x.png in Resources */ = {isa = PBXBuildFile; fileRef = C3DD6B32230D88BC00BDDF5D /* icon_profile_selected@3x.png */; };
		C3DD6B37230D88D500BDDF5D /* icon_profile_selected@2x.png in Resources */ = {isa = PBXBuildFile; fileRef = C3DD6B35230D88D500BDDF5D /* icon_profile_selected@2x.png */; };
		C3DD6B38230D88D500BDDF5D /* icon_profile_un_selected@2x.png in Resources */ = {isa = PBXBuildFile; fileRef = C3DD6B36230D88D500BDDF5D /* icon_profile_un_selected@2x.png */; };
		C3DD6B3B230D88EF00BDDF5D /* icon_profile_selected.png in Resources */ = {isa = PBXBuildFile; fileRef = C3DD6B39230D88EF00BDDF5D /* icon_profile_selected.png */; };
		C3DD6B3C230D88EF00BDDF5D /* icon_profile_un_selected.png in Resources */ = {isa = PBXBuildFile; fileRef = C3DD6B3A230D88EF00BDDF5D /* icon_profile_un_selected.png */; };
/* End PBXBuildFile section */

/* Begin PBXFileReference section */
		C31D26D222E8AA2B00A50386 /* Shape.swift */ = {isa = PBXFileReference; lastKnownFileType = sourcecode.swift; path = Shape.swift; sourceTree = "<group>"; };
		C34D31DD22E9E5F800E22BC6 /* RankEnum.swift */ = {isa = PBXFileReference; lastKnownFileType = sourcecode.swift; path = RankEnum.swift; sourceTree = "<group>"; };
		C34D31DF22E9E79100E22BC6 /* CardStruct.swift */ = {isa = PBXFileReference; lastKnownFileType = sourcecode.swift; path = CardStruct.swift; sourceTree = "<group>"; };
		C34D31E122E9EA6C00E22BC6 /* ExampleProtocol.swift */ = {isa = PBXFileReference; lastKnownFileType = sourcecode.swift; path = ExampleProtocol.swift; sourceTree = "<group>"; };
		C34D31E322E9EB0700E22BC6 /* SimpleClass.swift */ = {isa = PBXFileReference; lastKnownFileType = sourcecode.swift; path = SimpleClass.swift; sourceTree = "<group>"; };
		C34D31E522E9EB5700E22BC6 /* SimpleStructure.swift */ = {isa = PBXFileReference; lastKnownFileType = sourcecode.swift; path = SimpleStructure.swift; sourceTree = "<group>"; };
		C34D31E922E9EBF000E22BC6 /* IntExtension.swift */ = {isa = PBXFileReference; lastKnownFileType = sourcecode.swift; path = IntExtension.swift; sourceTree = "<group>"; };
		C34E4F5B22BDD1FB009744C1 /* BasicString.swift */ = {isa = PBXFileReference; lastKnownFileType = sourcecode.swift; path = BasicString.swift; sourceTree = "<group>"; };
		C34E4F5D22BDD2D3009744C1 /* BasicCollection.swift */ = {isa = PBXFileReference; lastKnownFileType = sourcecode.swift; path = BasicCollection.swift; sourceTree = "<group>"; };
		C351192922BFB4580023C35F /* BasicControlFlow.swift */ = {isa = PBXFileReference; lastKnownFileType = sourcecode.swift; path = BasicControlFlow.swift; sourceTree = "<group>"; };
		C351192B22BFB9EC0023C35F /* BasicCheckAPICanUsable.swift */ = {isa = PBXFileReference; lastKnownFileType = sourcecode.swift; path = BasicCheckAPICanUsable.swift; sourceTree = "<group>"; };
		C351192D22BFBCC00023C35F /* BasicFunction.swift */ = {isa = PBXFileReference; lastKnownFileType = sourcecode.swift; path = BasicFunction.swift; sourceTree = "<group>"; };
		C351192F22BFC55A0023C35F /* BasicEnum.swift */ = {isa = PBXFileReference; lastKnownFileType = sourcecode.swift; path = BasicEnum.swift; sourceTree = "<group>"; };
		C35159782309333D00848456 /* NotificationUtil.swift */ = {isa = PBXFileReference; lastKnownFileType = sourcecode.swift; path = NotificationUtil.swift; sourceTree = "<group>"; };
		C351597D230936B000848456 /* UserDefaultsUtil.swift */ = {isa = PBXFileReference; lastKnownFileType = sourcecode.swift; path = UserDefaultsUtil.swift; sourceTree = "<group>"; };
		C351598123093E0300848456 /* AlertViewUtil.swift */ = {isa = PBXFileReference; lastKnownFileType = sourcecode.swift; path = AlertViewUtil.swift; sourceTree = "<group>"; };
		C35159842309414400848456 /* LoginConstants.swift */ = {isa = PBXFileReference; lastKnownFileType = sourcecode.swift; path = LoginConstants.swift; sourceTree = "<group>"; };
		C35230E422EF24AA00342A44 /* Rect.swift */ = {isa = PBXFileReference; lastKnownFileType = sourcecode.swift; path = Rect.swift; sourceTree = "<group>"; };
		C35230E722EF27E000342A44 /* Customer.swift */ = {isa = PBXFileReference; lastKnownFileType = sourcecode.swift; path = Customer.swift; sourceTree = "<group>"; };
		C35230E922EF281B00342A44 /* Employee.swift */ = {isa = PBXFileReference; lastKnownFileType = sourcecode.swift; path = Employee.swift; sourceTree = "<group>"; };
		C35230EB22EF288000342A44 /* Company.swift */ = {isa = PBXFileReference; lastKnownFileType = sourcecode.swift; path = Company.swift; sourceTree = "<group>"; };
		C35230EE22EF31B100342A44 /* Fruit.swift */ = {isa = PBXFileReference; lastKnownFileType = sourcecode.swift; path = Fruit.swift; sourceTree = "<group>"; };
		C35230F022EF31DE00342A44 /* Apple.swift */ = {isa = PBXFileReference; lastKnownFileType = sourcecode.swift; path = Apple.swift; sourceTree = "<group>"; };
		C35230F422EF33CD00342A44 /* Car.swift */ = {isa = PBXFileReference; lastKnownFileType = sourcecode.swift; path = Car.swift; sourceTree = "<group>"; };
		C35230F622EF33DA00342A44 /* FlyCar.swift */ = {isa = PBXFileReference; lastKnownFileType = sourcecode.swift; path = FlyCar.swift; sourceTree = "<group>"; };
		C35791152307EFD500BDB17E /* icon_back.png */ = {isa = PBXFileReference; lastKnownFileType = image.png; path = icon_back.png; sourceTree = "<group>"; };
		C35791182307F05D00BDB17E /* NavigationUtil.swift */ = {isa = PBXFileReference; lastKnownFileType = sourcecode.swift; path = NavigationUtil.swift; sourceTree = "<group>"; };
		C357911B2307F28D00BDB17E /* ViewControllerUtil.swift */ = {isa = PBXFileReference; lastKnownFileType = sourcecode.swift; path = ViewControllerUtil.swift; sourceTree = "<group>"; };
		C357911E2308323000BDB17E /* ThreadUtil.swift */ = {isa = PBXFileReference; lastKnownFileType = sourcecode.swift; path = ThreadUtil.swift; sourceTree = "<group>"; };
		C35791202308358F00BDB17E /* AlertWaitingViewHolder.xib */ = {isa = PBXFileReference; lastKnownFileType = file.xib; path = AlertWaitingViewHolder.xib; sourceTree = "<group>"; };
		C35791222308359800BDB17E /* AlertWaitingViewHolder.swift */ = {isa = PBXFileReference; lastKnownFileType = sourcecode.swift; path = AlertWaitingViewHolder.swift; sourceTree = "<group>"; };
		C35791272308453200BDB17E /* NotificationConstants.swift */ = {isa = PBXFileReference; lastKnownFileType = sourcecode.swift; path = NotificationConstants.swift; sourceTree = "<group>"; };
		C358DDA723019926007F10C6 /* NavigationBarViewHolder.xib */ = {isa = PBXFileReference; lastKnownFileType = file.xib; path = NavigationBarViewHolder.xib; sourceTree = "<group>"; };
		C358DDA923019A2B007F10C6 /* NavigationBarViewHolder.swift */ = {isa = PBXFileReference; lastKnownFileType = sourcecode.swift; path = NavigationBarViewHolder.swift; sourceTree = "<group>"; };
		C358DDAE2301A754007F10C6 /* icon_close.png */ = {isa = PBXFileReference; lastKnownFileType = image.png; path = icon_close.png; sourceTree = "<group>"; };
		C35EDDDC230EE214000E34C3 /* TemplateTestViewController.swift */ = {isa = PBXFileReference; lastKnownFileType = sourcecode.swift; path = TemplateTestViewController.swift; sourceTree = "<group>"; };
		C35EDDDD230EE214000E34C3 /* TemplateTestViewController.xib */ = {isa = PBXFileReference; lastKnownFileType = file.xib; path = TemplateTestViewController.xib; sourceTree = "<group>"; };
		C35FF031230C2BEF009D19A0 /* ProfileViewController.swift */ = {isa = PBXFileReference; lastKnownFileType = sourcecode.swift; path = ProfileViewController.swift; sourceTree = "<group>"; };
		C35FF032230C2BEF009D19A0 /* ProfileViewController.xib */ = {isa = PBXFileReference; lastKnownFileType = file.xib; path = ProfileViewController.xib; sourceTree = "<group>"; };
		C37112BD22BD036900E92DA8 /* SHSwiftTool.app */ = {isa = PBXFileReference; explicitFileType = wrapper.application; includeInIndex = 0; path = SHSwiftTool.app; sourceTree = BUILT_PRODUCTS_DIR; };
		C37112C022BD036900E92DA8 /* AppDelegate.swift */ = {isa = PBXFileReference; lastKnownFileType = sourcecode.swift; path = AppDelegate.swift; sourceTree = "<group>"; };
		C37112C722BD036A00E92DA8 /* Assets.xcassets */ = {isa = PBXFileReference; lastKnownFileType = folder.assetcatalog; path = Assets.xcassets; sourceTree = "<group>"; };
		C37112CC22BD036A00E92DA8 /* Info.plist */ = {isa = PBXFileReference; lastKnownFileType = text.plist.xml; path = Info.plist; sourceTree = "<group>"; };
		C37112D822BD050800E92DA8 /* MainViewController.swift */ = {isa = PBXFileReference; lastKnownFileType = sourcecode.swift; path = MainViewController.swift; sourceTree = "<group>"; };
		C37112D922BD050800E92DA8 /* MainViewController.xib */ = {isa = PBXFileReference; lastKnownFileType = file.xib; path = MainViewController.xib; sourceTree = "<group>"; };
		C37112DC22BD0D8100E92DA8 /* Launch Screen.storyboard */ = {isa = PBXFileReference; lastKnownFileType = file.storyboard; path = "Launch Screen.storyboard"; sourceTree = "<group>"; };
		C37112E022BD0FBB00E92DA8 /* BasicGrammar.swift */ = {isa = PBXFileReference; lastKnownFileType = sourcecode.swift; path = BasicGrammar.swift; sourceTree = "<group>"; };
		C37112E222BD10C000E92DA8 /* BasicConsoleTest.swift */ = {isa = PBXFileReference; lastKnownFileType = sourcecode.swift; path = BasicConsoleTest.swift; sourceTree = "<group>"; };
		C3845A4E22EDDA1200FAC52B /* Person.swift */ = {isa = PBXFileReference; lastKnownFileType = sourcecode.swift; path = Person.swift; sourceTree = "<group>"; };
		C3845A5222EDDA6F00FAC52B /* Dog.swift */ = {isa = PBXFileReference; lastKnownFileType = sourcecode.swift; path = Dog.swift; sourceTree = "<group>"; };
		C3845A5422EDDAC700FAC52B /* ClassAndStruct.swift */ = {isa = PBXFileReference; lastKnownFileType = sourcecode.swift; path = ClassAndStruct.swift; sourceTree = "<group>"; };
		C3845A5622EDDE9300FAC52B /* Wolf.swift */ = {isa = PBXFileReference; lastKnownFileType = sourcecode.swift; path = Wolf.swift; sourceTree = "<group>"; };
		C3845A5822EDE25900FAC52B /* User.swift */ = {isa = PBXFileReference; lastKnownFileType = sourcecode.swift; path = User.swift; sourceTree = "<group>"; };
		C388903C22F5AF05007C444F /* LoginViewController.swift */ = {isa = PBXFileReference; lastKnownFileType = sourcecode.swift; path = LoginViewController.swift; sourceTree = "<group>"; };
		C388903D22F5AF05007C444F /* LoginViewController.xib */ = {isa = PBXFileReference; lastKnownFileType = file.xib; path = LoginViewController.xib; sourceTree = "<group>"; };
		C388904222F5AF28007C444F /* LoginController.swift */ = {isa = PBXFileReference; lastKnownFileType = sourcecode.swift; path = LoginController.swift; sourceTree = "<group>"; };
		C388904422F5AF3B007C444F /* LoginInfoModel.swift */ = {isa = PBXFileReference; lastKnownFileType = sourcecode.swift; path = LoginInfoModel.swift; sourceTree = "<group>"; };
		C388904D22F5B57E007C444F /* ILog.swift */ = {isa = PBXFileReference; lastKnownFileType = sourcecode.swift; path = ILog.swift; sourceTree = "<group>"; };
		C38B664422F721A6004EE452 /* LoginHomeViewController.swift */ = {isa = PBXFileReference; lastKnownFileType = sourcecode.swift; path = LoginHomeViewController.swift; sourceTree = "<group>"; };
		C38B664522F721A6004EE452 /* LoginHomeViewController.xib */ = {isa = PBXFileReference; lastKnownFileType = file.xib; path = LoginHomeViewController.xib; sourceTree = "<group>"; };
		C39AD8B323129A1F0072FAB5 /* StorageUtil.swift */ = {isa = PBXFileReference; lastKnownFileType = sourcecode.swift; path = StorageUtil.swift; sourceTree = "<group>"; };
		C39AD8B72312AF8A0072FAB5 /* CameraViewController.swift */ = {isa = PBXFileReference; lastKnownFileType = sourcecode.swift; path = CameraViewController.swift; sourceTree = "<group>"; };
		C39AD8B82312AF8A0072FAB5 /* CameraViewController.xib */ = {isa = PBXFileReference; lastKnownFileType = file.xib; path = CameraViewController.xib; sourceTree = "<group>"; };
		C3DD6AED230D84C100BDDF5D /* icon_client_selected@3x.png */ = {isa = PBXFileReference; lastKnownFileType = image.png; path = "icon_client_selected@3x.png"; sourceTree = "<group>"; };
		C3DD6AEE230D84C100BDDF5D /* icon_order_selected@3x.png */ = {isa = PBXFileReference; lastKnownFileType = image.png; path = "icon_order_selected@3x.png"; sourceTree = "<group>"; };
		C3DD6AEF230D84C100BDDF5D /* icon_dashboard_selected@3x.png */ = {isa = PBXFileReference; lastKnownFileType = image.png; path = "icon_dashboard_selected@3x.png"; sourceTree = "<group>"; };
		C3DD6AF0230D84C100BDDF5D /* icon_order_un_selected@3x.png */ = {isa = PBXFileReference; lastKnownFileType = image.png; path = "icon_order_un_selected@3x.png"; sourceTree = "<group>"; };
		C3DD6AF1230D84C100BDDF5D /* icon_client_un_selected@3x.png */ = {isa = PBXFileReference; lastKnownFileType = image.png; path = "icon_client_un_selected@3x.png"; sourceTree = "<group>"; };
		C3DD6AF2230D84C100BDDF5D /* icon_dashboard_un_selected@3x.png */ = {isa = PBXFileReference; lastKnownFileType = image.png; path = "icon_dashboard_un_selected@3x.png"; sourceTree = "<group>"; };
		C3DD6AF3230D84C100BDDF5D /* icon_product_selected@3x.png */ = {isa = PBXFileReference; lastKnownFileType = image.png; path = "icon_product_selected@3x.png"; sourceTree = "<group>"; };
		C3DD6AF4230D84C100BDDF5D /* icon_product_un_selected@3x.png */ = {isa = PBXFileReference; lastKnownFileType = image.png; path = "icon_product_un_selected@3x.png"; sourceTree = "<group>"; };
		C3DD6AFD230D850000BDDF5D /* icon_dashboard_un_selected@2x.png */ = {isa = PBXFileReference; lastKnownFileType = image.png; path = "icon_dashboard_un_selected@2x.png"; sourceTree = "<group>"; };
		C3DD6AFE230D850000BDDF5D /* icon_product_selected@2x.png */ = {isa = PBXFileReference; lastKnownFileType = image.png; path = "icon_product_selected@2x.png"; sourceTree = "<group>"; };
		C3DD6AFF230D850000BDDF5D /* icon_dashboard_selected@2x.png */ = {isa = PBXFileReference; lastKnownFileType = image.png; path = "icon_dashboard_selected@2x.png"; sourceTree = "<group>"; };
		C3DD6B00230D850000BDDF5D /* icon_product_un_selected@2x.png */ = {isa = PBXFileReference; lastKnownFileType = image.png; path = "icon_product_un_selected@2x.png"; sourceTree = "<group>"; };
		C3DD6B01230D850000BDDF5D /* icon_client_un_selected@2x.png */ = {isa = PBXFileReference; lastKnownFileType = image.png; path = "icon_client_un_selected@2x.png"; sourceTree = "<group>"; };
		C3DD6B02230D850000BDDF5D /* icon_order_un_selected@2x.png */ = {isa = PBXFileReference; lastKnownFileType = image.png; path = "icon_order_un_selected@2x.png"; sourceTree = "<group>"; };
		C3DD6B03230D850000BDDF5D /* icon_client_selected@2x.png */ = {isa = PBXFileReference; lastKnownFileType = image.png; path = "icon_client_selected@2x.png"; sourceTree = "<group>"; };
		C3DD6B04230D850000BDDF5D /* icon_order_selected@2x.png */ = {isa = PBXFileReference; lastKnownFileType = image.png; path = "icon_order_selected@2x.png"; sourceTree = "<group>"; };
		C3DD6B0D230D85F700BDDF5D /* icon_product_selected.png */ = {isa = PBXFileReference; lastKnownFileType = image.png; path = icon_product_selected.png; sourceTree = "<group>"; };
		C3DD6B0E230D85F700BDDF5D /* icon_client_selected.png */ = {isa = PBXFileReference; lastKnownFileType = image.png; path = icon_client_selected.png; sourceTree = "<group>"; };
		C3DD6B0F230D85F700BDDF5D /* icon_product_un_selected.png */ = {isa = PBXFileReference; lastKnownFileType = image.png; path = icon_product_un_selected.png; sourceTree = "<group>"; };
		C3DD6B10230D85F700BDDF5D /* icon_client_un_selected.png */ = {isa = PBXFileReference; lastKnownFileType = image.png; path = icon_client_un_selected.png; sourceTree = "<group>"; };
		C3DD6B11230D85F700BDDF5D /* icon_dashboard_selected.png */ = {isa = PBXFileReference; lastKnownFileType = image.png; path = icon_dashboard_selected.png; sourceTree = "<group>"; };
		C3DD6B12230D85F700BDDF5D /* icon_order_selectedpng.png */ = {isa = PBXFileReference; lastKnownFileType = image.png; path = icon_order_selectedpng.png; sourceTree = "<group>"; };
		C3DD6B13230D85F800BDDF5D /* icon_order_un_selected.png */ = {isa = PBXFileReference; lastKnownFileType = image.png; path = icon_order_un_selected.png; sourceTree = "<group>"; };
		C3DD6B14230D85F800BDDF5D /* icon_dashboard_un_selected.png */ = {isa = PBXFileReference; lastKnownFileType = image.png; path = icon_dashboard_un_selected.png; sourceTree = "<group>"; };
		C3DD6B21230D862C00BDDF5D /* DashboardViewController.swift */ = {isa = PBXFileReference; lastKnownFileType = sourcecode.swift; path = DashboardViewController.swift; sourceTree = "<group>"; };
		C3DD6B22230D862C00BDDF5D /* DashboardViewController.xib */ = {isa = PBXFileReference; lastKnownFileType = file.xib; path = DashboardViewController.xib; sourceTree = "<group>"; };
		C3DD6B25230D863A00BDDF5D /* ClientViewController.swift */ = {isa = PBXFileReference; lastKnownFileType = sourcecode.swift; path = ClientViewController.swift; sourceTree = "<group>"; };
		C3DD6B26230D863A00BDDF5D /* ClientViewController.xib */ = {isa = PBXFileReference; lastKnownFileType = file.xib; path = ClientViewController.xib; sourceTree = "<group>"; };
		C3DD6B29230D864700BDDF5D /* ProductViewController.swift */ = {isa = PBXFileReference; lastKnownFileType = sourcecode.swift; path = ProductViewController.swift; sourceTree = "<group>"; };
		C3DD6B2A230D864700BDDF5D /* ProductViewController.xib */ = {isa = PBXFileReference; lastKnownFileType = file.xib; path = ProductViewController.xib; sourceTree = "<group>"; };
		C3DD6B2D230D865200BDDF5D /* OrderViewController.swift */ = {isa = PBXFileReference; lastKnownFileType = sourcecode.swift; path = OrderViewController.swift; sourceTree = "<group>"; };
		C3DD6B2E230D865200BDDF5D /* OrderViewController.xib */ = {isa = PBXFileReference; lastKnownFileType = file.xib; path = OrderViewController.xib; sourceTree = "<group>"; };
		C3DD6B31230D88BB00BDDF5D /* icon_profile_un_selected@3x.png */ = {isa = PBXFileReference; lastKnownFileType = image.png; path = "icon_profile_un_selected@3x.png"; sourceTree = "<group>"; };
		C3DD6B32230D88BC00BDDF5D /* icon_profile_selected@3x.png */ = {isa = PBXFileReference; lastKnownFileType = image.png; path = "icon_profile_selected@3x.png"; sourceTree = "<group>"; };
		C3DD6B35230D88D500BDDF5D /* icon_profile_selected@2x.png */ = {isa = PBXFileReference; lastKnownFileType = image.png; path = "icon_profile_selected@2x.png"; sourceTree = "<group>"; };
		C3DD6B36230D88D500BDDF5D /* icon_profile_un_selected@2x.png */ = {isa = PBXFileReference; lastKnownFileType = image.png; path = "icon_profile_un_selected@2x.png"; sourceTree = "<group>"; };
		C3DD6B39230D88EF00BDDF5D /* icon_profile_selected.png */ = {isa = PBXFileReference; lastKnownFileType = image.png; path = icon_profile_selected.png; sourceTree = "<group>"; };
		C3DD6B3A230D88EF00BDDF5D /* icon_profile_un_selected.png */ = {isa = PBXFileReference; lastKnownFileType = image.png; path = icon_profile_un_selected.png; sourceTree = "<group>"; };
/* End PBXFileReference section */

/* Begin PBXFrameworksBuildPhase section */
		C37112BA22BD036900E92DA8 /* Frameworks */ = {
			isa = PBXFrameworksBuildPhase;
			buildActionMask = 2147483647;
			files = (
			);
			runOnlyForDeploymentPostprocessing = 0;
		};
/* End PBXFrameworksBuildPhase section */

/* Begin PBXGroup section */
		C31D26D122E8A9EA00A50386 /* BasicGrammar */ = {
			isa = PBXGroup;
			children = (
				C34D31E822E9EBB500E22BC6 /* Extension */,
				C34D31E722E9EB9B00E22BC6 /* Protocol */,
				C37112E022BD0FBB00E92DA8 /* BasicGrammar.swift */,
				C31D26D222E8AA2B00A50386 /* Shape.swift */,
				C34D31DD22E9E5F800E22BC6 /* RankEnum.swift */,
				C34D31DF22E9E79100E22BC6 /* CardStruct.swift */,
			);
			path = BasicGrammar;
			sourceTree = "<group>";
		};
		C34D31E722E9EB9B00E22BC6 /* Protocol */ = {
			isa = PBXGroup;
			children = (
				C34D31E122E9EA6C00E22BC6 /* ExampleProtocol.swift */,
				C34D31E322E9EB0700E22BC6 /* SimpleClass.swift */,
				C34D31E522E9EB5700E22BC6 /* SimpleStructure.swift */,
			);
			path = Protocol;
			sourceTree = "<group>";
		};
		C34D31E822E9EBB500E22BC6 /* Extension */ = {
			isa = PBXGroup;
			children = (
				C34D31E922E9EBF000E22BC6 /* IntExtension.swift */,
			);
			path = Extension;
			sourceTree = "<group>";
		};
		C34D9CB222C10D04006F4B99 /* BasicClassAndStruct */ = {
			isa = PBXGroup;
			children = (
				C359FE2222F08F4800D0009E /* Encapsulation */,
				C359FE2122F08D6500D0009E /* Protocol */,
				C359FE2022F08D5400D0009E /* Extension */,
				C35230ED22EF319B00342A44 /* Inherit */,
				C35230E622EF27CA00342A44 /* Selectalbe */,
				C3845A5122EDDA6200FAC52B /* Struct */,
				C3845A5022EDDA4500FAC52B /* Class */,
				C3845A5422EDDAC700FAC52B /* ClassAndStruct.swift */,
			);
			path = BasicClassAndStruct;
			sourceTree = "<group>";
		};
		C34D9CBB22C11455006F4B99 /* TestDemo */ = {
			isa = PBXGroup;
			children = (
				C37112E222BD10C000E92DA8 /* BasicConsoleTest.swift */,
			);
			path = TestDemo;
			sourceTree = "<group>";
		};
		C351597A2309369200848456 /* UserDefaults */ = {
			isa = PBXGroup;
			children = (
				C351597D230936B000848456 /* UserDefaultsUtil.swift */,
			);
			path = UserDefaults;
			sourceTree = "<group>";
		};
		C351598023093DF400848456 /* AlertView */ = {
			isa = PBXGroup;
			children = (
				C351598123093E0300848456 /* AlertViewUtil.swift */,
			);
			name = AlertView;
			sourceTree = "<group>";
		};
		C35159832309413B00848456 /* Constants */ = {
			isa = PBXGroup;
			children = (
				C35159842309414400848456 /* LoginConstants.swift */,
			);
			path = Constants;
			sourceTree = "<group>";
		};
		C351598623096D1300848456 /* TabBar */ = {
			isa = PBXGroup;
			children = (
				C3DD6B20230D861C00BDDF5D /* Order */,
				C3DD6B1F230D861700BDDF5D /* Product */,
				C3DD6B1E230D861000BDDF5D /* Client */,
				C3DD6B1D230D860500BDDF5D /* Dashboard */,
				C35FF020230C2B8B009D19A0 /* Profile */,
			);
			path = TabBar;
			sourceTree = "<group>";
		};
		C35230E622EF27CA00342A44 /* Selectalbe */ = {
			isa = PBXGroup;
			children = (
				C35230E722EF27E000342A44 /* Customer.swift */,
				C35230E922EF281B00342A44 /* Employee.swift */,
				C35230EB22EF288000342A44 /* Company.swift */,
			);
			path = Selectalbe;
			sourceTree = "<group>";
		};
		C35230ED22EF319B00342A44 /* Inherit */ = {
			isa = PBXGroup;
			children = (
				C35230F322EF33C400342A44 /* Car */,
				C35230F222EF33B300342A44 /* Fruit */,
			);
			path = Inherit;
			sourceTree = "<group>";
		};
		C35230F222EF33B300342A44 /* Fruit */ = {
			isa = PBXGroup;
			children = (
				C35230EE22EF31B100342A44 /* Fruit.swift */,
				C35230F022EF31DE00342A44 /* Apple.swift */,
			);
			path = Fruit;
			sourceTree = "<group>";
		};
		C35230F322EF33C400342A44 /* Car */ = {
			isa = PBXGroup;
			children = (
				C35230F422EF33CD00342A44 /* Car.swift */,
				C35230F622EF33DA00342A44 /* FlyCar.swift */,
			);
			path = Car;
			sourceTree = "<group>";
		};
		C35749DF22FFB43800354D1F /* CommonUI */ = {
			isa = PBXGroup;
			children = (
				C351598623096D1300848456 /* TabBar */,
				C358DDA423019795007F10C6 /* NavigationBarViewHolder */,
				C35749E022FFB45000354D1F /* AlertWaitingViewHolder */,
			);
			path = CommonUI;
			sourceTree = "<group>";
		};
		C35749E022FFB45000354D1F /* AlertWaitingViewHolder */ = {
			isa = PBXGroup;
			children = (
				C35791202308358F00BDB17E /* AlertWaitingViewHolder.xib */,
				C35791222308359800BDB17E /* AlertWaitingViewHolder.swift */,
			);
			path = AlertWaitingViewHolder;
			sourceTree = "<group>";
		};
		C35791172307F04B00BDB17E /* Navigation */ = {
			isa = PBXGroup;
			children = (
				C35791182307F05D00BDB17E /* NavigationUtil.swift */,
			);
			path = Navigation;
			sourceTree = "<group>";
		};
		C357911A2307F26800BDB17E /* ViewController */ = {
			isa = PBXGroup;
			children = (
				C357911B2307F28D00BDB17E /* ViewControllerUtil.swift */,
			);
			path = ViewController;
			sourceTree = "<group>";
		};
		C357911D2308322300BDB17E /* Thread */ = {
			isa = PBXGroup;
			children = (
				C357911E2308323000BDB17E /* ThreadUtil.swift */,
			);
			path = Thread;
			sourceTree = "<group>";
		};
		C3579124230844CE00BDB17E /* NotificationCenter */ = {
			isa = PBXGroup;
			children = (
				C35791272308453200BDB17E /* NotificationConstants.swift */,
				C35159782309333D00848456 /* NotificationUtil.swift */,
			);
			path = NotificationCenter;
			sourceTree = "<group>";
		};
		C358DDA423019795007F10C6 /* NavigationBarViewHolder */ = {
			isa = PBXGroup;
			children = (
				C358DDA723019926007F10C6 /* NavigationBarViewHolder.xib */,
				C358DDA923019A2B007F10C6 /* NavigationBarViewHolder.swift */,
			);
			path = NavigationBarViewHolder;
			sourceTree = "<group>";
		};
		C358DDAB23019C6A007F10C6 /* Resources */ = {
			isa = PBXGroup;
			children = (
				C35FF046230C3B29009D19A0 /* Images */,
				C35791152307EFD500BDB17E /* icon_back.png */,
				C358DDAE2301A754007F10C6 /* icon_close.png */,
			);
			path = Resources;
			sourceTree = "<group>";
		};
		C359FE2022F08D5400D0009E /* Extension */ = {
			isa = PBXGroup;
			children = (
			);
			path = Extension;
			sourceTree = "<group>";
		};
		C359FE2122F08D6500D0009E /* Protocol */ = {
			isa = PBXGroup;
			children = (
			);
			path = Protocol;
			sourceTree = "<group>";
		};
		C359FE2222F08F4800D0009E /* Encapsulation */ = {
			isa = PBXGroup;
			children = (
			);
			path = Encapsulation;
			sourceTree = "<group>";
		};
		C35FF020230C2B8B009D19A0 /* Profile */ = {
			isa = PBXGroup;
			children = (
				C35FF031230C2BEF009D19A0 /* ProfileViewController.swift */,
				C35FF032230C2BEF009D19A0 /* ProfileViewController.xib */,
			);
			path = Profile;
			sourceTree = "<group>";
		};
		C35FF046230C3B29009D19A0 /* Images */ = {
			isa = PBXGroup;
			children = (
				C35FF071230C3E59009D19A0 /* @1x */,
				C35FF070230C3E56009D19A0 /* @2x */,
				C35FF06F230C3E52009D19A0 /* @3x */,
			);
			path = Images;
			sourceTree = "<group>";
		};
		C35FF06F230C3E52009D19A0 /* @3x */ = {
			isa = PBXGroup;
			children = (
				C3DD6B32230D88BC00BDDF5D /* icon_profile_selected@3x.png */,
				C3DD6B31230D88BB00BDDF5D /* icon_profile_un_selected@3x.png */,
				C3DD6AED230D84C100BDDF5D /* icon_client_selected@3x.png */,
				C3DD6AF1230D84C100BDDF5D /* icon_client_un_selected@3x.png */,
				C3DD6AEF230D84C100BDDF5D /* icon_dashboard_selected@3x.png */,
				C3DD6AF2230D84C100BDDF5D /* icon_dashboard_un_selected@3x.png */,
				C3DD6AEE230D84C100BDDF5D /* icon_order_selected@3x.png */,
				C3DD6AF0230D84C100BDDF5D /* icon_order_un_selected@3x.png */,
				C3DD6AF3230D84C100BDDF5D /* icon_product_selected@3x.png */,
				C3DD6AF4230D84C100BDDF5D /* icon_product_un_selected@3x.png */,
			);
			path = "@3x";
			sourceTree = "<group>";
		};
		C35FF070230C3E56009D19A0 /* @2x */ = {
			isa = PBXGroup;
			children = (
				C3DD6B35230D88D500BDDF5D /* icon_profile_selected@2x.png */,
				C3DD6B36230D88D500BDDF5D /* icon_profile_un_selected@2x.png */,
				C3DD6B03230D850000BDDF5D /* icon_client_selected@2x.png */,
				C3DD6B01230D850000BDDF5D /* icon_client_un_selected@2x.png */,
				C3DD6AFF230D850000BDDF5D /* icon_dashboard_selected@2x.png */,
				C3DD6AFD230D850000BDDF5D /* icon_dashboard_un_selected@2x.png */,
				C3DD6B04230D850000BDDF5D /* icon_order_selected@2x.png */,
				C3DD6B02230D850000BDDF5D /* icon_order_un_selected@2x.png */,
				C3DD6AFE230D850000BDDF5D /* icon_product_selected@2x.png */,
				C3DD6B00230D850000BDDF5D /* icon_product_un_selected@2x.png */,
			);
			path = "@2x";
			sourceTree = "<group>";
		};
		C35FF071230C3E59009D19A0 /* @1x */ = {
			isa = PBXGroup;
			children = (
				C3DD6B39230D88EF00BDDF5D /* icon_profile_selected.png */,
				C3DD6B3A230D88EF00BDDF5D /* icon_profile_un_selected.png */,
				C3DD6B0E230D85F700BDDF5D /* icon_client_selected.png */,
				C3DD6B10230D85F700BDDF5D /* icon_client_un_selected.png */,
				C3DD6B11230D85F700BDDF5D /* icon_dashboard_selected.png */,
				C3DD6B14230D85F800BDDF5D /* icon_dashboard_un_selected.png */,
				C3DD6B12230D85F700BDDF5D /* icon_order_selectedpng.png */,
				C3DD6B13230D85F800BDDF5D /* icon_order_un_selected.png */,
				C3DD6B0D230D85F700BDDF5D /* icon_product_selected.png */,
				C3DD6B0F230D85F700BDDF5D /* icon_product_un_selected.png */,
			);
			path = "@1x";
			sourceTree = "<group>";
		};
		C37112B422BD036900E92DA8 = {
			isa = PBXGroup;
			children = (
				C37112BF22BD036900E92DA8 /* SHSwiftTool */,
				C37112BE22BD036900E92DA8 /* Products */,
			);
			sourceTree = "<group>";
		};
		C37112BE22BD036900E92DA8 /* Products */ = {
			isa = PBXGroup;
			children = (
				C37112BD22BD036900E92DA8 /* SHSwiftTool.app */,
			);
			name = Products;
			sourceTree = "<group>";
		};
		C37112BF22BD036900E92DA8 /* SHSwiftTool */ = {
			isa = PBXGroup;
			children = (
				C358DDAB23019C6A007F10C6 /* Resources */,
				C388904A22F5B558007C444F /* Framework */,
				C37112DE22BD0F1D00E92DA8 /* Template */,
				C37112D722BD04F800E92DA8 /* main */,
				C37112D222BD03EC00E92DA8 /* splash */,
				C37112C022BD036900E92DA8 /* AppDelegate.swift */,
				C37112C722BD036A00E92DA8 /* Assets.xcassets */,
				C37112CC22BD036A00E92DA8 /* Info.plist */,
			);
			path = SHSwiftTool;
			sourceTree = "<group>";
		};
		C37112D222BD03EC00E92DA8 /* splash */ = {
			isa = PBXGroup;
			children = (
				C37112DC22BD0D8100E92DA8 /* Launch Screen.storyboard */,
			);
			path = splash;
			sourceTree = "<group>";
		};
		C37112D722BD04F800E92DA8 /* main */ = {
			isa = PBXGroup;
			children = (
				C37112D822BD050800E92DA8 /* MainViewController.swift */,
				C37112D922BD050800E92DA8 /* MainViewController.xib */,
			);
			path = main;
			sourceTree = "<group>";
		};
		C37112DE22BD0F1D00E92DA8 /* Template */ = {
			isa = PBXGroup;
			children = (
				C388903822F5AE7F007C444F /* UI */,
				C37112DF22BD0F2600E92DA8 /* Console */,
				C35EDDDC230EE214000E34C3 /* TemplateTestViewController.swift */,
				C35EDDDD230EE214000E34C3 /* TemplateTestViewController.xib */,
			);
			path = Template;
			sourceTree = "<group>";
		};
		C37112DF22BD0F2600E92DA8 /* Console */ = {
			isa = PBXGroup;
			children = (
				C31D26D122E8A9EA00A50386 /* BasicGrammar */,
				C34D9CBB22C11455006F4B99 /* TestDemo */,
				C34D9CB222C10D04006F4B99 /* BasicClassAndStruct */,
				C34E4F5B22BDD1FB009744C1 /* BasicString.swift */,
				C34E4F5D22BDD2D3009744C1 /* BasicCollection.swift */,
				C351192922BFB4580023C35F /* BasicControlFlow.swift */,
				C351192B22BFB9EC0023C35F /* BasicCheckAPICanUsable.swift */,
				C351192D22BFBCC00023C35F /* BasicFunction.swift */,
				C351192F22BFC55A0023C35F /* BasicEnum.swift */,
			);
			path = Console;
			sourceTree = "<group>";
		};
		C3845A5022EDDA4500FAC52B /* Class */ = {
			isa = PBXGroup;
			children = (
				C3845A4E22EDDA1200FAC52B /* Person.swift */,
				C3845A5622EDDE9300FAC52B /* Wolf.swift */,
				C3845A5822EDE25900FAC52B /* User.swift */,
			);
			path = Class;
			sourceTree = "<group>";
		};
		C3845A5122EDDA6200FAC52B /* Struct */ = {
			isa = PBXGroup;
			children = (
				C3845A5222EDDA6F00FAC52B /* Dog.swift */,
				C35230E422EF24AA00342A44 /* Rect.swift */,
			);
			path = Struct;
			sourceTree = "<group>";
		};
		C388903822F5AE7F007C444F /* UI */ = {
			isa = PBXGroup;
			children = (
				C35749DF22FFB43800354D1F /* CommonUI */,
				C388903922F5AEAD007C444F /* Login */,
			);
			path = UI;
			sourceTree = "<group>";
		};
		C388903922F5AEAD007C444F /* Login */ = {
			isa = PBXGroup;
			children = (
				C35159832309413B00848456 /* Constants */,
				C388904122F5AF18007C444F /* Controller */,
				C388904022F5AF13007C444F /* Model */,
				C388903C22F5AF05007C444F /* LoginViewController.swift */,
				C388903D22F5AF05007C444F /* LoginViewController.xib */,
				C38B664422F721A6004EE452 /* LoginHomeViewController.swift */,
				C38B664522F721A6004EE452 /* LoginHomeViewController.xib */,
			);
			path = Login;
			sourceTree = "<group>";
		};
		C388904022F5AF13007C444F /* Model */ = {
			isa = PBXGroup;
			children = (
				C388904422F5AF3B007C444F /* LoginInfoModel.swift */,
			);
			path = Model;
			sourceTree = "<group>";
		};
		C388904122F5AF18007C444F /* Controller */ = {
			isa = PBXGroup;
			children = (
				C388904222F5AF28007C444F /* LoginController.swift */,
			);
			path = Controller;
			sourceTree = "<group>";
		};
		C388904A22F5B558007C444F /* Framework */ = {
			isa = PBXGroup;
			children = (
				C39AD8B52312AF600072FAB5 /* Modules */,
				C388904B22F5B568007C444F /* Util */,
			);
			path = Framework;
			sourceTree = "<group>";
		};
		C388904B22F5B568007C444F /* Util */ = {
			isa = PBXGroup;
			children = (
				C39AD8B223129A0A0072FAB5 /* Storage */,
				C351598023093DF400848456 /* AlertView */,
				C351597A2309369200848456 /* UserDefaults */,
				C3579124230844CE00BDB17E /* NotificationCenter */,
				C357911D2308322300BDB17E /* Thread */,
				C357911A2307F26800BDB17E /* ViewController */,
				C35791172307F04B00BDB17E /* Navigation */,
				C388904C22F5B56F007C444F /* Debug */,
			);
			path = Util;
			sourceTree = "<group>";
		};
		C388904C22F5B56F007C444F /* Debug */ = {
			isa = PBXGroup;
			children = (
				C388904D22F5B57E007C444F /* ILog.swift */,
			);
			path = Debug;
			sourceTree = "<group>";
		};
		C39AD8B223129A0A0072FAB5 /* Storage */ = {
			isa = PBXGroup;
			children = (
				C39AD8B323129A1F0072FAB5 /* StorageUtil.swift */,
			);
			path = Storage;
			sourceTree = "<group>";
		};
		C39AD8B52312AF600072FAB5 /* Modules */ = {
			isa = PBXGroup;
			children = (
				C39AD8B62312AF700072FAB5 /* Camera */,
			);
			path = Modules;
			sourceTree = "<group>";
		};
		C39AD8B62312AF700072FAB5 /* Camera */ = {
			isa = PBXGroup;
			children = (
				C39AD8B72312AF8A0072FAB5 /* CameraViewController.swift */,
				C39AD8B82312AF8A0072FAB5 /* CameraViewController.xib */,
			);
			path = Camera;
			sourceTree = "<group>";
		};
		C3DD6B1D230D860500BDDF5D /* Dashboard */ = {
			isa = PBXGroup;
			children = (
				C3DD6B21230D862C00BDDF5D /* DashboardViewController.swift */,
				C3DD6B22230D862C00BDDF5D /* DashboardViewController.xib */,
			);
			path = Dashboard;
			sourceTree = "<group>";
		};
		C3DD6B1E230D861000BDDF5D /* Client */ = {
			isa = PBXGroup;
			children = (
				C3DD6B25230D863A00BDDF5D /* ClientViewController.swift */,
				C3DD6B26230D863A00BDDF5D /* ClientViewController.xib */,
			);
			path = Client;
			sourceTree = "<group>";
		};
		C3DD6B1F230D861700BDDF5D /* Product */ = {
			isa = PBXGroup;
			children = (
				C3DD6B29230D864700BDDF5D /* ProductViewController.swift */,
				C3DD6B2A230D864700BDDF5D /* ProductViewController.xib */,
			);
			path = Product;
			sourceTree = "<group>";
		};
		C3DD6B20230D861C00BDDF5D /* Order */ = {
			isa = PBXGroup;
			children = (
				C3DD6B2D230D865200BDDF5D /* OrderViewController.swift */,
				C3DD6B2E230D865200BDDF5D /* OrderViewController.xib */,
			);
			path = Order;
			sourceTree = "<group>";
		};
/* End PBXGroup section */

/* Begin PBXNativeTarget section */
		C37112BC22BD036900E92DA8 /* SHSwiftTool */ = {
			isa = PBXNativeTarget;
			buildConfigurationList = C37112CF22BD036A00E92DA8 /* Build configuration list for PBXNativeTarget "SHSwiftTool" */;
			buildPhases = (
				C37112B922BD036900E92DA8 /* Sources */,
				C37112BA22BD036900E92DA8 /* Frameworks */,
				C37112BB22BD036900E92DA8 /* Resources */,
			);
			buildRules = (
			);
			dependencies = (
			);
			name = SHSwiftTool;
			productName = SHSwiftTool;
			productReference = C37112BD22BD036900E92DA8 /* SHSwiftTool.app */;
			productType = "com.apple.product-type.application";
		};
/* End PBXNativeTarget section */

/* Begin PBXProject section */
		C37112B522BD036900E92DA8 /* Project object */ = {
			isa = PBXProject;
			attributes = {
				LastSwiftUpdateCheck = 1020;
				LastUpgradeCheck = 1020;
				ORGANIZATIONNAME = SWein;
				TargetAttributes = {
					C37112BC22BD036900E92DA8 = {
						CreatedOnToolsVersion = 10.2.1;
					};
				};
			};
			buildConfigurationList = C37112B822BD036900E92DA8 /* Build configuration list for PBXProject "SHSwiftTool" */;
			compatibilityVersion = "Xcode 9.3";
			developmentRegion = en;
			hasScannedForEncodings = 0;
			knownRegions = (
				en,
				Base,
			);
			mainGroup = C37112B422BD036900E92DA8;
			productRefGroup = C37112BE22BD036900E92DA8 /* Products */;
			projectDirPath = "";
			projectRoot = "";
			targets = (
				C37112BC22BD036900E92DA8 /* SHSwiftTool */,
			);
		};
/* End PBXProject section */

/* Begin PBXResourcesBuildPhase section */
		C37112BB22BD036900E92DA8 /* Resources */ = {
			isa = PBXResourcesBuildPhase;
			buildActionMask = 2147483647;
			files = (
				C3DD6B33230D88BC00BDDF5D /* icon_profile_un_selected@3x.png in Resources */,
				C3DD6B0C230D850100BDDF5D /* icon_order_selected@2x.png in Resources */,
				C3DD6B05230D850100BDDF5D /* icon_dashboard_un_selected@2x.png in Resources */,
				C3DD6B17230D85F800BDDF5D /* icon_product_un_selected.png in Resources */,
				C3DD6B37230D88D500BDDF5D /* icon_profile_selected@2x.png in Resources */,
				C3DD6B1B230D85F800BDDF5D /* icon_order_un_selected.png in Resources */,
				C3DD6B08230D850100BDDF5D /* icon_product_un_selected@2x.png in Resources */,
				C35FF034230C2BEF009D19A0 /* ProfileViewController.xib in Resources */,
				C3DD6B15230D85F800BDDF5D /* icon_product_selected.png in Resources */,
				C388903F22F5AF05007C444F /* LoginViewController.xib in Resources */,
				C3DD6AF9230D84C100BDDF5D /* icon_client_un_selected@3x.png in Resources */,
				C3DD6B38230D88D500BDDF5D /* icon_profile_un_selected@2x.png in Resources */,
				C35791162307EFD500BDB17E /* icon_back.png in Resources */,
				C3DD6B34230D88BC00BDDF5D /* icon_profile_selected@3x.png in Resources */,
				C3DD6B1A230D85F800BDDF5D /* icon_order_selectedpng.png in Resources */,
				C3DD6B16230D85F800BDDF5D /* icon_client_selected.png in Resources */,
				C3DD6AF7230D84C100BDDF5D /* icon_dashboard_selected@3x.png in Resources */,
				C3DD6AF5230D84C100BDDF5D /* icon_client_selected@3x.png in Resources */,
				C37112DD22BD0D8100E92DA8 /* Launch Screen.storyboard in Resources */,
				C358DDA823019926007F10C6 /* NavigationBarViewHolder.xib in Resources */,
				C37112C822BD036A00E92DA8 /* Assets.xcassets in Resources */,
				C3DD6AFA230D84C100BDDF5D /* icon_dashboard_un_selected@3x.png in Resources */,
				C3DD6B0A230D850100BDDF5D /* icon_order_un_selected@2x.png in Resources */,
				C3DD6B1C230D85F800BDDF5D /* icon_dashboard_un_selected.png in Resources */,
				C3DD6B3B230D88EF00BDDF5D /* icon_profile_selected.png in Resources */,
				C35EDDDF230EE214000E34C3 /* TemplateTestViewController.xib in Resources */,
				C3DD6AF6230D84C100BDDF5D /* icon_order_selected@3x.png in Resources */,
				C3DD6B24230D862C00BDDF5D /* DashboardViewController.xib in Resources */,
				C3DD6B06230D850100BDDF5D /* icon_product_selected@2x.png in Resources */,
				C3DD6AFC230D84C100BDDF5D /* icon_product_un_selected@3x.png in Resources */,
				C37112DB22BD050800E92DA8 /* MainViewController.xib in Resources */,
				C3DD6B3C230D88EF00BDDF5D /* icon_profile_un_selected.png in Resources */,
				C3DD6B18230D85F800BDDF5D /* icon_client_un_selected.png in Resources */,
				C3DD6AF8230D84C100BDDF5D /* icon_order_un_selected@3x.png in Resources */,
				C3DD6B30230D865200BDDF5D /* OrderViewController.xib in Resources */,
				C39AD8BA2312AF8A0072FAB5 /* CameraViewController.xib in Resources */,
				C38B664722F721A6004EE452 /* LoginHomeViewController.xib in Resources */,
				C3DD6B09230D850100BDDF5D /* icon_client_un_selected@2x.png in Resources */,
				C3DD6B07230D850100BDDF5D /* icon_dashboard_selected@2x.png in Resources */,
				C3DD6B0B230D850100BDDF5D /* icon_client_selected@2x.png in Resources */,
				C358DDAF2301A754007F10C6 /* icon_close.png in Resources */,
				C3DD6B2C230D864700BDDF5D /* ProductViewController.xib in Resources */,
				C3DD6B19230D85F800BDDF5D /* icon_dashboard_selected.png in Resources */,
				C35791212308358F00BDB17E /* AlertWaitingViewHolder.xib in Resources */,
				C3DD6AFB230D84C100BDDF5D /* icon_product_selected@3x.png in Resources */,
				C3DD6B28230D863A00BDDF5D /* ClientViewController.xib in Resources */,
			);
			runOnlyForDeploymentPostprocessing = 0;
		};
/* End PBXResourcesBuildPhase section */

/* Begin PBXSourcesBuildPhase section */
		C37112B922BD036900E92DA8 /* Sources */ = {
			isa = PBXSourcesBuildPhase;
			buildActionMask = 2147483647;
			files = (
				C34D31E222E9EA6C00E22BC6 /* ExampleProtocol.swift in Sources */,
				C351192A22BFB4580023C35F /* BasicControlFlow.swift in Sources */,
				C3DD6B27230D863A00BDDF5D /* ClientViewController.swift in Sources */,
				C34E4F5E22BDD2D3009744C1 /* BasicCollection.swift in Sources */,
				C35230E822EF27E000342A44 /* Customer.swift in Sources */,
				C3845A5722EDDE9300FAC52B /* Wolf.swift in Sources */,
				C38B664622F721A6004EE452 /* LoginHomeViewController.swift in Sources */,
				C34D31EA22E9EBF000E22BC6 /* IntExtension.swift in Sources */,
				C37112E122BD0FBB00E92DA8 /* BasicGrammar.swift in Sources */,
				C37112C122BD036900E92DA8 /* AppDelegate.swift in Sources */,
				C357911F2308323000BDB17E /* ThreadUtil.swift in Sources */,
				C3845A4F22EDDA1200FAC52B /* Person.swift in Sources */,
				C358DDAA23019A2B007F10C6 /* NavigationBarViewHolder.swift in Sources */,
				C3845A5522EDDAC700FAC52B /* ClassAndStruct.swift in Sources */,
				C37112E322BD10C000E92DA8 /* BasicConsoleTest.swift in Sources */,
				C35230EC22EF288000342A44 /* Company.swift in Sources */,
				C3DD6B23230D862C00BDDF5D /* DashboardViewController.swift in Sources */,
				C357911C2307F28D00BDB17E /* ViewControllerUtil.swift in Sources */,
				C3845A5922EDE25900FAC52B /* User.swift in Sources */,
				C388904322F5AF28007C444F /* LoginController.swift in Sources */,
				C35FF033230C2BEF009D19A0 /* ProfileViewController.swift in Sources */,
				C388903E22F5AF05007C444F /* LoginViewController.swift in Sources */,
				C37112DA22BD050800E92DA8 /* MainViewController.swift in Sources */,
				C3DD6B2B230D864700BDDF5D /* ProductViewController.swift in Sources */,
				C35159792309333D00848456 /* NotificationUtil.swift in Sources */,
				C34D31E422E9EB0700E22BC6 /* SimpleClass.swift in Sources */,
				C34E4F5C22BDD1FB009744C1 /* BasicString.swift in Sources */,
				C35230F122EF31DE00342A44 /* Apple.swift in Sources */,
				C35159852309414400848456 /* LoginConstants.swift in Sources */,
				C35791282308453200BDB17E /* NotificationConstants.swift in Sources */,
				C351193022BFC55A0023C35F /* BasicEnum.swift in Sources */,
				C3DD6B2F230D865200BDDF5D /* OrderViewController.swift in Sources */,
				C39AD8B92312AF8A0072FAB5 /* CameraViewController.swift in Sources */,
				C351192E22BFBCC00023C35F /* BasicFunction.swift in Sources */,
				C34D31E022E9E79100E22BC6 /* CardStruct.swift in Sources */,
				C35230F722EF33DA00342A44 /* FlyCar.swift in Sources */,
				C39AD8B423129A1F0072FAB5 /* StorageUtil.swift in Sources */,
				C35791232308359800BDB17E /* AlertWaitingViewHolder.swift in Sources */,
				C35EDDDE230EE214000E34C3 /* TemplateTestViewController.swift in Sources */,
				C35230EA22EF281B00342A44 /* Employee.swift in Sources */,
				C34D31E622E9EB5700E22BC6 /* SimpleStructure.swift in Sources */,
				C35230EF22EF31B100342A44 /* Fruit.swift in Sources */,
				C388904522F5AF3B007C444F /* LoginInfoModel.swift in Sources */,
				C35230F522EF33CD00342A44 /* Car.swift in Sources */,
				C388904E22F5B57E007C444F /* ILog.swift in Sources */,
				C351597E230936B000848456 /* UserDefaultsUtil.swift in Sources */,
				C3845A5322EDDA6F00FAC52B /* Dog.swift in Sources */,
				C31D26D322E8AA2B00A50386 /* Shape.swift in Sources */,
				C34D31DE22E9E5F800E22BC6 /* RankEnum.swift in Sources */,
				C351192C22BFB9EC0023C35F /* BasicCheckAPICanUsable.swift in Sources */,
				C35230E522EF24AA00342A44 /* Rect.swift in Sources */,
				C35791192307F05D00BDB17E /* NavigationUtil.swift in Sources */,
				C351598223093E0300848456 /* AlertViewUtil.swift in Sources */,
			);
			runOnlyForDeploymentPostprocessing = 0;
		};
/* End PBXSourcesBuildPhase section */

/* Begin XCBuildConfiguration section */
		C37112CD22BD036A00E92DA8 /* Debug */ = {
			isa = XCBuildConfiguration;
			buildSettings = {
				ALWAYS_SEARCH_USER_PATHS = NO;
				CLANG_ANALYZER_NONNULL = YES;
				CLANG_ANALYZER_NUMBER_OBJECT_CONVERSION = YES_AGGRESSIVE;
				CLANG_CXX_LANGUAGE_STANDARD = "gnu++14";
				CLANG_CXX_LIBRARY = "libc++";
				CLANG_ENABLE_MODULES = YES;
				CLANG_ENABLE_OBJC_ARC = YES;
				CLANG_ENABLE_OBJC_WEAK = YES;
				CLANG_WARN_BLOCK_CAPTURE_AUTORELEASING = YES;
				CLANG_WARN_BOOL_CONVERSION = YES;
				CLANG_WARN_COMMA = YES;
				CLANG_WARN_CONSTANT_CONVERSION = YES;
				CLANG_WARN_DEPRECATED_OBJC_IMPLEMENTATIONS = YES;
				CLANG_WARN_DIRECT_OBJC_ISA_USAGE = YES_ERROR;
				CLANG_WARN_DOCUMENTATION_COMMENTS = YES;
				CLANG_WARN_EMPTY_BODY = YES;
				CLANG_WARN_ENUM_CONVERSION = YES;
				CLANG_WARN_INFINITE_RECURSION = YES;
				CLANG_WARN_INT_CONVERSION = YES;
				CLANG_WARN_NON_LITERAL_NULL_CONVERSION = YES;
				CLANG_WARN_OBJC_IMPLICIT_RETAIN_SELF = YES;
				CLANG_WARN_OBJC_LITERAL_CONVERSION = YES;
				CLANG_WARN_OBJC_ROOT_CLASS = YES_ERROR;
				CLANG_WARN_RANGE_LOOP_ANALYSIS = YES;
				CLANG_WARN_STRICT_PROTOTYPES = YES;
				CLANG_WARN_SUSPICIOUS_MOVE = YES;
				CLANG_WARN_UNGUARDED_AVAILABILITY = YES_AGGRESSIVE;
				CLANG_WARN_UNREACHABLE_CODE = YES;
				CLANG_WARN__DUPLICATE_METHOD_MATCH = YES;
				CODE_SIGN_IDENTITY = "iPhone Developer";
				COPY_PHASE_STRIP = NO;
				DEBUG_INFORMATION_FORMAT = dwarf;
				ENABLE_STRICT_OBJC_MSGSEND = YES;
				ENABLE_TESTABILITY = YES;
				GCC_C_LANGUAGE_STANDARD = gnu11;
				GCC_DYNAMIC_NO_PIC = NO;
				GCC_NO_COMMON_BLOCKS = YES;
				GCC_OPTIMIZATION_LEVEL = 0;
				GCC_PREPROCESSOR_DEFINITIONS = (
					"DEBUG=1",
					"$(inherited)",
				);
				GCC_WARN_64_TO_32_BIT_CONVERSION = YES;
				GCC_WARN_ABOUT_RETURN_TYPE = YES_ERROR;
				GCC_WARN_UNDECLARED_SELECTOR = YES;
				GCC_WARN_UNINITIALIZED_AUTOS = YES_AGGRESSIVE;
				GCC_WARN_UNUSED_FUNCTION = YES;
				GCC_WARN_UNUSED_VARIABLE = YES;
				IPHONEOS_DEPLOYMENT_TARGET = 12.2;
				MTL_ENABLE_DEBUG_INFO = INCLUDE_SOURCE;
				MTL_FAST_MATH = YES;
				ONLY_ACTIVE_ARCH = YES;
				SDKROOT = iphoneos;
				SWIFT_ACTIVE_COMPILATION_CONDITIONS = DEBUG;
				SWIFT_OPTIMIZATION_LEVEL = "-Onone";
			};
			name = Debug;
		};
		C37112CE22BD036A00E92DA8 /* Release */ = {
			isa = XCBuildConfiguration;
			buildSettings = {
				ALWAYS_SEARCH_USER_PATHS = NO;
				CLANG_ANALYZER_NONNULL = YES;
				CLANG_ANALYZER_NUMBER_OBJECT_CONVERSION = YES_AGGRESSIVE;
				CLANG_CXX_LANGUAGE_STANDARD = "gnu++14";
				CLANG_CXX_LIBRARY = "libc++";
				CLANG_ENABLE_MODULES = YES;
				CLANG_ENABLE_OBJC_ARC = YES;
				CLANG_ENABLE_OBJC_WEAK = YES;
				CLANG_WARN_BLOCK_CAPTURE_AUTORELEASING = YES;
				CLANG_WARN_BOOL_CONVERSION = YES;
				CLANG_WARN_COMMA = YES;
				CLANG_WARN_CONSTANT_CONVERSION = YES;
				CLANG_WARN_DEPRECATED_OBJC_IMPLEMENTATIONS = YES;
				CLANG_WARN_DIRECT_OBJC_ISA_USAGE = YES_ERROR;
				CLANG_WARN_DOCUMENTATION_COMMENTS = YES;
				CLANG_WARN_EMPTY_BODY = YES;
				CLANG_WARN_ENUM_CONVERSION = YES;
				CLANG_WARN_INFINITE_RECURSION = YES;
				CLANG_WARN_INT_CONVERSION = YES;
				CLANG_WARN_NON_LITERAL_NULL_CONVERSION = YES;
				CLANG_WARN_OBJC_IMPLICIT_RETAIN_SELF = YES;
				CLANG_WARN_OBJC_LITERAL_CONVERSION = YES;
				CLANG_WARN_OBJC_ROOT_CLASS = YES_ERROR;
				CLANG_WARN_RANGE_LOOP_ANALYSIS = YES;
				CLANG_WARN_STRICT_PROTOTYPES = YES;
				CLANG_WARN_SUSPICIOUS_MOVE = YES;
				CLANG_WARN_UNGUARDED_AVAILABILITY = YES_AGGRESSIVE;
				CLANG_WARN_UNREACHABLE_CODE = YES;
				CLANG_WARN__DUPLICATE_METHOD_MATCH = YES;
				CODE_SIGN_IDENTITY = "iPhone Developer";
				COPY_PHASE_STRIP = NO;
				DEBUG_INFORMATION_FORMAT = "dwarf-with-dsym";
				ENABLE_NS_ASSERTIONS = NO;
				ENABLE_STRICT_OBJC_MSGSEND = YES;
				GCC_C_LANGUAGE_STANDARD = gnu11;
				GCC_NO_COMMON_BLOCKS = YES;
				GCC_WARN_64_TO_32_BIT_CONVERSION = YES;
				GCC_WARN_ABOUT_RETURN_TYPE = YES_ERROR;
				GCC_WARN_UNDECLARED_SELECTOR = YES;
				GCC_WARN_UNINITIALIZED_AUTOS = YES_AGGRESSIVE;
				GCC_WARN_UNUSED_FUNCTION = YES;
				GCC_WARN_UNUSED_VARIABLE = YES;
				IPHONEOS_DEPLOYMENT_TARGET = 12.2;
				MTL_ENABLE_DEBUG_INFO = NO;
				MTL_FAST_MATH = YES;
				SDKROOT = iphoneos;
				SWIFT_COMPILATION_MODE = wholemodule;
				SWIFT_OPTIMIZATION_LEVEL = "-O";
				VALIDATE_PRODUCT = YES;
			};
			name = Release;
		};
		C37112D022BD036A00E92DA8 /* Debug */ = {
			isa = XCBuildConfiguration;
			buildSettings = {
				ASSETCATALOG_COMPILER_APPICON_NAME = AppIcon;
				CODE_SIGN_STYLE = Automatic;
				DEVELOPMENT_TEAM = DU98VK6D82;
				INFOPLIST_FILE = SHSwiftTool/Info.plist;
				LD_RUNPATH_SEARCH_PATHS = (
					"$(inherited)",
					"@executable_path/Frameworks",
				);
				PRODUCT_BUNDLE_IDENTIFIER = com.swein.SHSwiftTool;
				PRODUCT_NAME = "$(TARGET_NAME)";
				SWIFT_VERSION = 5.0;
				TARGETED_DEVICE_FAMILY = "1,2";
			};
			name = Debug;
		};
		C37112D122BD036A00E92DA8 /* Release */ = {
			isa = XCBuildConfiguration;
			buildSettings = {
				ASSETCATALOG_COMPILER_APPICON_NAME = AppIcon;
				CODE_SIGN_STYLE = Automatic;
				DEVELOPMENT_TEAM = DU98VK6D82;
				INFOPLIST_FILE = SHSwiftTool/Info.plist;
				LD_RUNPATH_SEARCH_PATHS = (
					"$(inherited)",
					"@executable_path/Frameworks",
				);
				PRODUCT_BUNDLE_IDENTIFIER = com.swein.SHSwiftTool;
				PRODUCT_NAME = "$(TARGET_NAME)";
				SWIFT_VERSION = 5.0;
				TARGETED_DEVICE_FAMILY = "1,2";
			};
			name = Release;
		};
/* End XCBuildConfiguration section */

/* Begin XCConfigurationList section */
		C37112B822BD036900E92DA8 /* Build configuration list for PBXProject "SHSwiftTool" */ = {
			isa = XCConfigurationList;
			buildConfigurations = (
				C37112CD22BD036A00E92DA8 /* Debug */,
				C37112CE22BD036A00E92DA8 /* Release */,
			);
			defaultConfigurationIsVisible = 0;
			defaultConfigurationName = Release;
		};
		C37112CF22BD036A00E92DA8 /* Build configuration list for PBXNativeTarget "SHSwiftTool" */ = {
			isa = XCConfigurationList;
			buildConfigurations = (
				C37112D022BD036A00E92DA8 /* Debug */,
				C37112D122BD036A00E92DA8 /* Release */,
			);
			defaultConfigurationIsVisible = 0;
			defaultConfigurationName = Release;
		};
/* End XCConfigurationList section */
	};
	rootObject = C37112B522BD036900E92DA8 /* Project object */;
}
